
Microsoft Visual Studio Solution File, Format Version 12.00
# Visual Studio Express 2012 for Web
Project("{FAE04EC0-301F-11D3-BF4B-00C04F79EFBC}") = "Rcky.Nfe.NotaFiscal", "Rcky.Nfe.NotaFiscal\Rcky.Nfe.NotaFiscal.csproj", "{F4B2BEFF-C4E4-471E-A95E-2B6B9FB7D5F3}"
EndProject
Project("{FAE04EC0-301F-11D3-BF4B-00C04F79EFBC}") = "Rcky.Nfe.WebServices", "Rcky.Nfe.WebServices\Rcky.Nfe.WebServices.csproj", "{7B0BBC84-EDD3-4DED-8A41-E2965595D447}"
EndProject
Project("{FAE04EC0-301F-11D3-BF4B-00C04F79EFBC}") = "Rcky.Nfe.Certificados", "Rcky.Nfe.Certificados\Rcky.Nfe.Certificados.csproj", "{2E67F429-2E4D-4A3D-9F70-4A00463A9104}"
EndProject
Project("{FAE04EC0-301F-11D3-BF4B-00C04F79EFBC}") = "Rcky.Nfe.Criptografia", "Rcky.Nfe.Criptografia\Rcky.Nfe.Criptografia.csproj", "{337C0527-28E7-4F94-B07B-CAAC6627C2B2}"
EndProject
Project("{FAE04EC0-301F-11D3-BF4B-00C04F79EFBC}") = "Rcky.Nfe.Danfe", "Rcky.Nfe.Danfe\Rcky.Nfe.Danfe.csproj", "{4F0C9100-6C2E-4B67-B6D1-66DE145307FE}"
EndProject
Project("{FAE04EC0-301F-11D3-BF4B-00C04F79EFBC}") = "Rcky.Nfe.Testes", "Rcky.Nfe.Testes\Rcky.Nfe.Testes.csproj", "{F3B645F2-B9E9-4DCD-9969-1300CB925D4C}"
EndProject
Project("{2150E333-8FDC-42A3-9474-1A3956D46DE8}") = "References", "References", "{4E8E1666-86FC-4111-96F8-C6C0B95B54B0}"
	ProjectSection(SolutionItems) = preProject
		Rcky.Nfe.NotaFiscal\refs\CrystalDecisions.CrystalReports.Engine.dll = Rcky.Nfe.NotaFiscal\refs\CrystalDecisions.CrystalReports.Engine.dll
		Rcky.Nfe.NotaFiscal\refs\CrystalDecisions.ReportSource.dll = Rcky.Nfe.NotaFiscal\refs\CrystalDecisions.ReportSource.dll
		Rcky.Nfe.NotaFiscal\refs\CrystalDecisions.Shared.dll = Rcky.Nfe.NotaFiscal\refs\CrystalDecisions.Shared.dll
		Rcky.Nfe.NotaFiscal\refs\Rcky.Certificados.dll = Rcky.Nfe.NotaFiscal\refs\Rcky.Certificados.dll
		Rcky.Nfe.NotaFiscal\refs\Rcky.Nfe.Criptografia.dll = Rcky.Nfe.NotaFiscal\refs\Rcky.Nfe.Criptografia.dll
		Rcky.Nfe.NotaFiscal\refs\Rcky.Nfe.Danfe.dll = Rcky.Nfe.NotaFiscal\refs\Rcky.Nfe.Danfe.dll
		Rcky.Nfe.NotaFiscal\refs\Rcky.Nfe.NotaFiscal.dll = Rcky.Nfe.NotaFiscal\refs\Rcky.Nfe.NotaFiscal.dll
		Rcky.Nfe.NotaFiscal\refs\Rcky.Nfe.NotaFiscal.dll.config = Rcky.Nfe.NotaFiscal\refs\Rcky.Nfe.NotaFiscal.dll.config
		Rcky.Nfe.NotaFiscal\refs\Rcky.Nfe.NotaFiscal.tlb = Rcky.Nfe.NotaFiscal\refs\Rcky.Nfe.NotaFiscal.tlb
		Rcky.Nfe.NotaFiscal\refs\Rcky.Nfe.WebServices.dll = Rcky.Nfe.NotaFiscal\refs\Rcky.Nfe.WebServices.dll
		Rcky.Nfe.NotaFiscal\refs\Reyx.Nfe.dll = Rcky.Nfe.NotaFiscal\refs\Reyx.Nfe.dll
		Rcky.Nfe.NotaFiscal\refs\Zen.Barcode.Core.dll = Rcky.Nfe.NotaFiscal\refs\Zen.Barcode.Core.dll
	EndProjectSection
EndProject
Global
	GlobalSection(SolutionConfigurationPlatforms) = preSolution
		Debug|Any CPU = Debug|Any CPU
		Debug|Mixed Platforms = Debug|Mixed Platforms
		Debug|x86 = Debug|x86
		Release|Any CPU = Release|Any CPU
		Release|Mixed Platforms = Release|Mixed Platforms
		Release|x86 = Release|x86
	EndGlobalSection
	GlobalSection(ProjectConfigurationPlatforms) = postSolution
		{F4B2BEFF-C4E4-471E-A95E-2B6B9FB7D5F3}.Debug|Any CPU.ActiveCfg = Debug|Any CPU
		{F4B2BEFF-C4E4-471E-A95E-2B6B9FB7D5F3}.Debug|Any CPU.Build.0 = Debug|Any CPU
		{F4B2BEFF-C4E4-471E-A95E-2B6B9FB7D5F3}.Debug|Mixed Platforms.ActiveCfg = Debug|Any CPU
		{F4B2BEFF-C4E4-471E-A95E-2B6B9FB7D5F3}.Debug|Mixed Platforms.Build.0 = Debug|Any CPU
		{F4B2BEFF-C4E4-471E-A95E-2B6B9FB7D5F3}.Debug|x86.ActiveCfg = Debug|Any CPU
		{F4B2BEFF-C4E4-471E-A95E-2B6B9FB7D5F3}.Release|Any CPU.ActiveCfg = Release|Any CPU
		{F4B2BEFF-C4E4-471E-A95E-2B6B9FB7D5F3}.Release|Any CPU.Build.0 = Release|Any CPU
		{F4B2BEFF-C4E4-471E-A95E-2B6B9FB7D5F3}.Release|Mixed Platforms.ActiveCfg = Release|Any CPU
		{F4B2BEFF-C4E4-471E-A95E-2B6B9FB7D5F3}.Release|Mixed Platforms.Build.0 = Release|Any CPU
		{F4B2BEFF-C4E4-471E-A95E-2B6B9FB7D5F3}.Release|x86.ActiveCfg = Release|Any CPU
		{7B0BBC84-EDD3-4DED-8A41-E2965595D447}.Debug|Any CPU.ActiveCfg = Debug|Any CPU
		{7B0BBC84-EDD3-4DED-8A41-E2965595D447}.Debug|Any CPU.Build.0 = Debug|Any CPU
		{7B0BBC84-EDD3-4DED-8A41-E2965595D447}.Debug|Mixed Platforms.ActiveCfg = Debug|Any CPU
		{7B0BBC84-EDD3-4DED-8A41-E2965595D447}.Debug|Mixed Platforms.Build.0 = Debug|Any CPU
		{7B0BBC84-EDD3-4DED-8A41-E2965595D447}.Debug|x86.ActiveCfg = Debug|Any CPU
		{7B0BBC84-EDD3-4DED-8A41-E2965595D447}.Release|Any CPU.ActiveCfg = Release|Any CPU
		{7B0BBC84-EDD3-4DED-8A41-E2965595D447}.Release|Any CPU.Build.0 = Release|Any CPU
		{7B0BBC84-EDD3-4DED-8A41-E2965595D447}.Release|Mixed Platforms.ActiveCfg = Release|Any CPU
		{7B0BBC84-EDD3-4DED-8A41-E2965595D447}.Release|Mixed Platforms.Build.0 = Release|Any CPU
		{7B0BBC84-EDD3-4DED-8A41-E2965595D447}.Release|x86.ActiveCfg = Release|Any CPU
		{2E67F429-2E4D-4A3D-9F70-4A00463A9104}.Debug|Any CPU.ActiveCfg = Debug|Any CPU
		{2E67F429-2E4D-4A3D-9F70-4A00463A9104}.Debug|Any CPU.Build.0 = Debug|Any CPU
		{2E67F429-2E4D-4A3D-9F70-4A00463A9104}.Debug|Mixed Platforms.ActiveCfg = Debug|Any CPU
		{2E67F429-2E4D-4A3D-9F70-4A00463A9104}.Debug|Mixed Platforms.Build.0 = Debug|Any CPU
		{2E67F429-2E4D-4A3D-9F70-4A00463A9104}.Debug|x86.ActiveCfg = Debug|Any CPU
		{2E67F429-2E4D-4A3D-9F70-4A00463A9104}.Release|Any CPU.ActiveCfg = Release|Any CPU
		{2E67F429-2E4D-4A3D-9F70-4A00463A9104}.Release|Any CPU.Build.0 = Release|Any CPU
		{2E67F429-2E4D-4A3D-9F70-4A00463A9104}.Release|Mixed Platforms.ActiveCfg = Release|Any CPU
		{2E67F429-2E4D-4A3D-9F70-4A00463A9104}.Release|Mixed Platforms.Build.0 = Release|Any CPU
		{2E67F429-2E4D-4A3D-9F70-4A00463A9104}.Release|x86.ActiveCfg = Release|Any CPU
		{337C0527-28E7-4F94-B07B-CAAC6627C2B2}.Debug|Any CPU.ActiveCfg = Debug|Any CPU
		{337C0527-28E7-4F94-B07B-CAAC6627C2B2}.Debug|Any CPU.Build.0 = Debug|Any CPU
		{337C0527-28E7-4F94-B07B-CAAC6627C2B2}.Debug|Mixed Platforms.ActiveCfg = Debug|Any CPU
		{337C0527-28E7-4F94-B07B-CAAC6627C2B2}.Debug|Mixed Platforms.Build.0 = Debug|Any CPU
		{337C0527-28E7-4F94-B07B-CAAC6627C2B2}.Debug|x86.ActiveCfg = Debug|Any CPU
		{337C0527-28E7-4F94-B07B-CAAC6627C2B2}.Release|Any CPU.ActiveCfg = Release|Any CPU
		{337C0527-28E7-4F94-B07B-CAAC6627C2B2}.Release|Any CPU.Build.0 = Release|Any CPU
		{337C0527-28E7-4F94-B07B-CAAC6627C2B2}.Release|Mixed Platforms.ActiveCfg = Release|Any CPU
		{337C0527-28E7-4F94-B07B-CAAC6627C2B2}.Release|Mixed Platforms.Build.0 = Release|Any CPU
		{337C0527-28E7-4F94-B07B-CAAC6627C2B2}.Release|x86.ActiveCfg = Release|Any CPU
		{4F0C9100-6C2E-4B67-B6D1-66DE145307FE}.Debug|Any CPU.ActiveCfg = Debug|Any CPU
		{4F0C9100-6C2E-4B67-B6D1-66DE145307FE}.Debug|Any CPU.Build.0 = Debug|Any CPU
		{4F0C9100-6C2E-4B67-B6D1-66DE145307FE}.Debug|Mixed Platforms.ActiveCfg = Debug|Any CPU
		{4F0C9100-6C2E-4B67-B6D1-66DE145307FE}.Debug|Mixed Platforms.Build.0 = Debug|Any CPU
		{4F0C9100-6C2E-4B67-B6D1-66DE145307FE}.Debug|x86.ActiveCfg = Debug|Any CPU
		{4F0C9100-6C2E-4B67-B6D1-66DE145307FE}.Release|Any CPU.ActiveCfg = Release|Any CPU
		{4F0C9100-6C2E-4B67-B6D1-66DE145307FE}.Release|Any CPU.Build.0 = Release|Any CPU
		{4F0C9100-6C2E-4B67-B6D1-66DE145307FE}.Release|Mixed Platforms.ActiveCfg = Release|Any CPU
		{4F0C9100-6C2E-4B67-B6D1-66DE145307FE}.Release|Mixed Platforms.Build.0 = Release|Any CPU
		{4F0C9100-6C2E-4B67-B6D1-66DE145307FE}.Release|x86.ActiveCfg = Release|Any CPU
		{F3B645F2-B9E9-4DCD-9969-1300CB925D4C}.Debug|Any CPU.ActiveCfg = Debug|x86
		{F3B645F2-B9E9-4DCD-9969-1300CB925D4C}.Debug|Mixed Platforms.ActiveCfg = Debug|x86
		{F3B645F2-B9E9-4DCD-9969-1300CB925D4C}.Debug|Mixed Platforms.Build.0 = Debug|x86
		{F3B645F2-B9E9-4DCD-9969-1300CB925D4C}.Debug|x86.ActiveCfg = Debug|x86
		{F3B645F2-B9E9-4DCD-9969-1300CB925D4C}.Debug|x86.Build.0 = Debug|x86
		{F3B645F2-B9E9-4DCD-9969-1300CB925D4C}.Release|Any CPU.ActiveCfg = Release|x86
		{F3B645F2-B9E9-4DCD-9969-1300CB925D4C}.Release|Mixed Platforms.ActiveCfg = Release|x86
		{F3B645F2-B9E9-4DCD-9969-1300CB925D4C}.Release|Mixed Platforms.Build.0 = Release|x86
		{F3B645F2-B9E9-4DCD-9969-1300CB925D4C}.Release|x86.ActiveCfg = Release|x86
		{F3B645F2-B9E9-4DCD-9969-1300CB925D4C}.Release|x86.Build.0 = Release|x86
	EndGlobalSection
	GlobalSection(SolutionProperties) = preSolution
		HideSolutionNode = FALSE
	EndGlobalSection
EndGlobal
